PODS:
  - Realm (10.54.2):
    - Realm/Headers (= 10.54.2)
  - Realm/Headers (10.54.2)
  - RealmSwift (10.54.2):
    - Realm (= 10.54.2)

DEPENDENCIES:
  - RealmSwift (~> 10)

SPEC REPOS:
  trunk:
    - Realm
    - RealmSwift

SPEC CHECKSUMS:
  Realm: 16852517a207e98cc6acba9336b56c30d06d84ad
  RealmSwift: bca777b3904ee58a9b16036e1840012f03348060

PODFILE CHECKSUM: be093ee0f91cc33076d966f5e75199eaf924ec4e

COCOAPODS: 1.15.2
